{
  "object": {
    "pins": [
      {
        "package": "Alamofire",
        "repositoryURL": "https://github.com/Alamofire/Alamofire.git",
        "state": {
          "branch": null,
          "revision": "f96b619bcb2383b43d898402283924b80e2c4bae",
          "version": "5.4.3"
        }
      },
      {
        "package": "Codextended",
        "repositoryURL": "https://github.com/JohnSundell/Codextended.git",
        "state": {
          "branch": null,
          "revision": "8d7c46dfc9c55240870cf5561d6cefa41e3d7105",
          "version": "0.3.0"
        }
      },
      {
        "package": "HSHelpers",
        "repositoryURL": "https://github.com/ConfusedVorlon/HSHelpers.git",
        "state": {
          "branch": null,
          "revision": "34fcce80190ee51525a53183b59a4d92ef6d5c96",
          "version": "0.3.0"
        }
      },
      {
        "package": "Time",
        "repositoryURL": "https://github.com/dreymonde/Time.git",
        "state": {
          "branch": null,
          "revision": "c5cebb3c6c4590969a7aa3d7e7f3e58e827ed0a8",
          "version": "1.0.1"
        }
      }
    ]
  },
  "version": 1
}
